
Microsoft Visual Studio Solution File, Format Version 12.00
# Visual Studio Version 17
VisualStudioVersion = 17.0.32014.148
MinimumVisualStudioVersion = 10.0.40219.1
Project("{FAE04EC0-301F-11D3-BF4B-00C04F79EFBC}") = "Trainer.UWP", "Trainer\Trainer.UWP\Trainer.UWP.csproj", "{6E5EEFF5-C4C5-4706-BF8B-A4CC6ADBC451}"
EndProject
Project("{FAE04EC0-301F-11D3-BF4B-00C04F79EFBC}") = "Trainer.Android", "Trainer\Trainer.Android\Trainer.Android.csproj", "{E54BBDD5-ABDF-45CE-8F39-DA588099642E}"
EndProject
Project("{FAE04EC0-301F-11D3-BF4B-00C04F79EFBC}") = "Trainer.iOS", "Trainer\Trainer.iOS\Trainer.iOS.csproj", "{45870203-3736-42C2-909E-4E5C694EA35D}"
EndProject
Project("{FAE04EC0-301F-11D3-BF4B-00C04F79EFBC}") = "Trainer", "Trainer\Trainer\Trainer.csproj", "{AF87E392-9141-4FB3-8D08-088B65FA5B2D}"
EndProject
Global
	GlobalSection(SolutionConfigurationPlatforms) = preSolution
		Debug|Any CPU = Debug|Any CPU
		Debug|ARM = Debug|ARM
		Debug|iPhone = Debug|iPhone
		Debug|iPhoneSimulator = Debug|iPhoneSimulator
		Debug|x64 = Debug|x64
		Debug|x86 = Debug|x86
		Release|Any CPU = Release|Any CPU
		Release|ARM = Release|ARM
		Release|iPhone = Release|iPhone
		Release|iPhoneSimulator = Release|iPhoneSimulator
		Release|x64 = Release|x64
		Release|x86 = Release|x86
	EndGlobalSection
	GlobalSection(ProjectConfigurationPlatforms) = postSolution
		{6E5EEFF5-C4C5-4706-BF8B-A4CC6ADBC451}.Debug|Any CPU.ActiveCfg = Debug|x64
		{6E5EEFF5-C4C5-4706-BF8B-A4CC6ADBC451}.Debug|Any CPU.Build.0 = Debug|x64
		{6E5EEFF5-C4C5-4706-BF8B-A4CC6ADBC451}.Debug|Any CPU.Deploy.0 = Debug|x64
		{6E5EEFF5-C4C5-4706-BF8B-A4CC6ADBC451}.Debug|ARM.ActiveCfg = Debug|ARM
		{6E5EEFF5-C4C5-4706-BF8B-A4CC6ADBC451}.Debug|ARM.Build.0 = Debug|ARM
		{6E5EEFF5-C4C5-4706-BF8B-A4CC6ADBC451}.Debug|ARM.Deploy.0 = Debug|ARM
		{6E5EEFF5-C4C5-4706-BF8B-A4CC6ADBC451}.Debug|iPhone.ActiveCfg = Debug|x64
		{6E5EEFF5-C4C5-4706-BF8B-A4CC6ADBC451}.Debug|iPhone.Build.0 = Debug|x64
		{6E5EEFF5-C4C5-4706-BF8B-A4CC6ADBC451}.Debug|iPhone.Deploy.0 = Debug|x64
		{6E5EEFF5-C4C5-4706-BF8B-A4CC6ADBC451}.Debug|iPhoneSimulator.ActiveCfg = Debug|x64
		{6E5EEFF5-C4C5-4706-BF8B-A4CC6ADBC451}.Debug|iPhoneSimulator.Build.0 = Debug|x64
		{6E5EEFF5-C4C5-4706-BF8B-A4CC6ADBC451}.Debug|iPhoneSimulator.Deploy.0 = Debug|x64
		{6E5EEFF5-C4C5-4706-BF8B-A4CC6ADBC451}.Debug|x64.ActiveCfg = Debug|x64
		{6E5EEFF5-C4C5-4706-BF8B-A4CC6ADBC451}.Debug|x64.Build.0 = Debug|x64
		{6E5EEFF5-C4C5-4706-BF8B-A4CC6ADBC451}.Debug|x64.Deploy.0 = Debug|x64
		{6E5EEFF5-C4C5-4706-BF8B-A4CC6ADBC451}.Debug|x86.ActiveCfg = Debug|x86
		{6E5EEFF5-C4C5-4706-BF8B-A4CC6ADBC451}.Debug|x86.Build.0 = Debug|x86
		{6E5EEFF5-C4C5-4706-BF8B-A4CC6ADBC451}.Debug|x86.Deploy.0 = Debug|x86
		{6E5EEFF5-C4C5-4706-BF8B-A4CC6ADBC451}.Release|Any CPU.ActiveCfg = Release|x64
		{6E5EEFF5-C4C5-4706-BF8B-A4CC6ADBC451}.Release|Any CPU.Build.0 = Release|x64
		{6E5EEFF5-C4C5-4706-BF8B-A4CC6ADBC451}.Release|Any CPU.Deploy.0 = Release|x64
		{6E5EEFF5-C4C5-4706-BF8B-A4CC6ADBC451}.Release|ARM.ActiveCfg = Release|ARM
		{6E5EEFF5-C4C5-4706-BF8B-A4CC6ADBC451}.Release|ARM.Build.0 = Release|ARM
		{6E5EEFF5-C4C5-4706-BF8B-A4CC6ADBC451}.Release|ARM.Deploy.0 = Release|ARM
		{6E5EEFF5-C4C5-4706-BF8B-A4CC6ADBC451}.Release|iPhone.ActiveCfg = Release|x64
		{6E5EEFF5-C4C5-4706-BF8B-A4CC6ADBC451}.Release|iPhone.Build.0 = Release|x64
		{6E5EEFF5-C4C5-4706-BF8B-A4CC6ADBC451}.Release|iPhone.Deploy.0 = Release|x64
		{6E5EEFF5-C4C5-4706-BF8B-A4CC6ADBC451}.Release|iPhoneSimulator.ActiveCfg = Release|x64
		{6E5EEFF5-C4C5-4706-BF8B-A4CC6ADBC451}.Release|iPhoneSimulator.Build.0 = Release|x64
		{6E5EEFF5-C4C5-4706-BF8B-A4CC6ADBC451}.Release|iPhoneSimulator.Deploy.0 = Release|x64
		{6E5EEFF5-C4C5-4706-BF8B-A4CC6ADBC451}.Release|x64.ActiveCfg = Release|x64
		{6E5EEFF5-C4C5-4706-BF8B-A4CC6ADBC451}.Release|x64.Build.0 = Release|x64
		{6E5EEFF5-C4C5-4706-BF8B-A4CC6ADBC451}.Release|x64.Deploy.0 = Release|x64
		{6E5EEFF5-C4C5-4706-BF8B-A4CC6ADBC451}.Release|x86.ActiveCfg = Release|x86
		{6E5EEFF5-C4C5-4706-BF8B-A4CC6ADBC451}.Release|x86.Build.0 = Release|x86
		{6E5EEFF5-C4C5-4706-BF8B-A4CC6ADBC451}.Release|x86.Deploy.0 = Release|x86
		{E54BBDD5-ABDF-45CE-8F39-DA588099642E}.Debug|Any CPU.ActiveCfg = Debug|Any CPU
		{E54BBDD5-ABDF-45CE-8F39-DA588099642E}.Debug|Any CPU.Build.0 = Debug|Any CPU
		{E54BBDD5-ABDF-45CE-8F39-DA588099642E}.Debug|Any CPU.Deploy.0 = Debug|Any CPU
		{E54BBDD5-ABDF-45CE-8F39-DA588099642E}.Debug|ARM.ActiveCfg = Debug|Any CPU
		{E54BBDD5-ABDF-45CE-8F39-DA588099642E}.Debug|ARM.Build.0 = Debug|Any CPU
		{E54BBDD5-ABDF-45CE-8F39-DA588099642E}.Debug|ARM.Deploy.0 = Debug|Any CPU
		{E54BBDD5-ABDF-45CE-8F39-DA588099642E}.Debug|iPhone.ActiveCfg = Debug|Any CPU
		{E54BBDD5-ABDF-45CE-8F39-DA588099642E}.Debug|iPhone.Build.0 = Debug|Any CPU
		{E54BBDD5-ABDF-45CE-8F39-DA588099642E}.Debug|iPhone.Deploy.0 = Debug|Any CPU
		{E54BBDD5-ABDF-45CE-8F39-DA588099642E}.Debug|iPhoneSimulator.ActiveCfg = Debug|Any CPU
		{E54BBDD5-ABDF-45CE-8F39-DA588099642E}.Debug|iPhoneSimulator.Build.0 = Debug|Any CPU
		{E54BBDD5-ABDF-45CE-8F39-DA588099642E}.Debug|iPhoneSimulator.Deploy.0 = Debug|Any CPU
		{E54BBDD5-ABDF-45CE-8F39-DA588099642E}.Debug|x64.ActiveCfg = Debug|Any CPU
		{E54BBDD5-ABDF-45CE-8F39-DA588099642E}.Debug|x64.Build.0 = Debug|Any CPU
		{E54BBDD5-ABDF-45CE-8F39-DA588099642E}.Debug|x64.Deploy.0 = Debug|Any CPU
		{E54BBDD5-ABDF-45CE-8F39-DA588099642E}.Debug|x86.ActiveCfg = Debug|Any CPU
		{E54BBDD5-ABDF-45CE-8F39-DA588099642E}.Debug|x86.Build.0 = Debug|Any CPU
		{E54BBDD5-ABDF-45CE-8F39-DA588099642E}.Debug|x86.Deploy.0 = Debug|Any CPU
		{E54BBDD5-ABDF-45CE-8F39-DA588099642E}.Release|Any CPU.ActiveCfg = Release|Any CPU
		{E54BBDD5-ABDF-45CE-8F39-DA588099642E}.Release|Any CPU.Build.0 = Release|Any CPU
		{E54BBDD5-ABDF-45CE-8F39-DA588099642E}.Release|Any CPU.Deploy.0 = Release|Any CPU
		{E54BBDD5-ABDF-45CE-8F39-DA588099642E}.Release|ARM.ActiveCfg = Release|Any CPU
		{E54BBDD5-ABDF-45CE-8F39-DA588099642E}.Release|ARM.Build.0 = Release|Any CPU
		{E54BBDD5-ABDF-45CE-8F39-DA588099642E}.Release|ARM.Deploy.0 = Release|Any CPU
		{E54BBDD5-ABDF-45CE-8F39-DA588099642E}.Release|iPhone.ActiveCfg = Release|Any CPU
		{E54BBDD5-ABDF-45CE-8F39-DA588099642E}.Release|iPhone.Build.0 = Release|Any CPU
		{E54BBDD5-ABDF-45CE-8F39-DA588099642E}.Release|iPhone.Deploy.0 = Release|Any CPU
		{E54BBDD5-ABDF-45CE-8F39-DA588099642E}.Release|iPhoneSimulator.ActiveCfg = Release|Any CPU
		{E54BBDD5-ABDF-45CE-8F39-DA588099642E}.Release|iPhoneSimulator.Build.0 = Release|Any CPU
		{E54BBDD5-ABDF-45CE-8F39-DA588099642E}.Release|iPhoneSimulator.Deploy.0 = Release|Any CPU
		{E54BBDD5-ABDF-45CE-8F39-DA588099642E}.Release|x64.ActiveCfg = Release|Any CPU
		{E54BBDD5-ABDF-45CE-8F39-DA588099642E}.Release|x64.Build.0 = Release|Any CPU
		{E54BBDD5-ABDF-45CE-8F39-DA588099642E}.Release|x64.Deploy.0 = Release|Any CPU
		{E54BBDD5-ABDF-45CE-8F39-DA588099642E}.Release|x86.ActiveCfg = Release|Any CPU
		{E54BBDD5-ABDF-45CE-8F39-DA588099642E}.Release|x86.Build.0 = Release|Any CPU
		{E54BBDD5-ABDF-45CE-8F39-DA588099642E}.Release|x86.Deploy.0 = Release|Any CPU
		{45870203-3736-42C2-909E-4E5C694EA35D}.Debug|Any CPU.ActiveCfg = Debug|iPhoneSimulator
		{45870203-3736-42C2-909E-4E5C694EA35D}.Debug|Any CPU.Build.0 = Debug|iPhoneSimulator
		{45870203-3736-42C2-909E-4E5C694EA35D}.Debug|Any CPU.Deploy.0 = Debug|iPhoneSimulator
		{45870203-3736-42C2-909E-4E5C694EA35D}.Debug|ARM.ActiveCfg = Debug|iPhoneSimulator
		{45870203-3736-42C2-909E-4E5C694EA35D}.Debug|ARM.Build.0 = Debug|iPhoneSimulator
		{45870203-3736-42C2-909E-4E5C694EA35D}.Debug|ARM.Deploy.0 = Debug|iPhoneSimulator
		{45870203-3736-42C2-909E-4E5C694EA35D}.Debug|iPhone.ActiveCfg = Debug|iPhone
		{45870203-3736-42C2-909E-4E5C694EA35D}.Debug|iPhone.Build.0 = Debug|iPhone
		{45870203-3736-42C2-909E-4E5C694EA35D}.Debug|iPhone.Deploy.0 = Debug|iPhone
		{45870203-3736-42C2-909E-4E5C694EA35D}.Debug|iPhoneSimulator.ActiveCfg = Debug|iPhoneSimulator
		{45870203-3736-42C2-909E-4E5C694EA35D}.Debug|iPhoneSimulator.Build.0 = Debug|iPhoneSimulator
		{45870203-3736-42C2-909E-4E5C694EA35D}.Debug|iPhoneSimulator.Deploy.0 = Debug|iPhoneSimulator
		{45870203-3736-42C2-909E-4E5C694EA35D}.Debug|x64.ActiveCfg = Debug|iPhone
		{45870203-3736-42C2-909E-4E5C694EA35D}.Debug|x64.Build.0 = Debug|iPhone
		{45870203-3736-42C2-909E-4E5C694EA35D}.Debug|x64.Deploy.0 = Debug|iPhone
		{45870203-3736-42C2-909E-4E5C694EA35D}.Debug|x86.ActiveCfg = Debug|iPhoneSimulator
		{45870203-3736-42C2-909E-4E5C694EA35D}.Debug|x86.Build.0 = Debug|iPhoneSimulator
		{45870203-3736-42C2-909E-4E5C694EA35D}.Debug|x86.Deploy.0 = Debug|iPhoneSimulator
		{45870203-3736-42C2-909E-4E5C694EA35D}.Release|Any CPU.ActiveCfg = Release|iPhoneSimulator
		{45870203-3736-42C2-909E-4E5C694EA35D}.Release|Any CPU.Build.0 = Release|iPhoneSimulator
		{45870203-3736-42C2-909E-4E5C694EA35D}.Release|Any CPU.Deploy.0 = Release|iPhoneSimulator
		{45870203-3736-42C2-909E-4E5C694EA35D}.Release|ARM.ActiveCfg = Release|iPhoneSimulator
		{45870203-3736-42C2-909E-4E5C694EA35D}.Release|ARM.Build.0 = Release|iPhoneSimulator
		{45870203-3736-42C2-909E-4E5C694EA35D}.Release|ARM.Deploy.0 = Release|iPhoneSimulator
		{45870203-3736-42C2-909E-4E5C694EA35D}.Release|iPhone.ActiveCfg = Release|iPhone
		{45870203-3736-42C2-909E-4E5C694EA35D}.Release|iPhone.Build.0 = Release|iPhone
		{45870203-3736-42C2-909E-4E5C694EA35D}.Release|iPhone.Deploy.0 = Release|iPhone
		{45870203-3736-42C2-909E-4E5C694EA35D}.Release|iPhoneSimulator.ActiveCfg = Release|iPhoneSimulator
		{45870203-3736-42C2-909E-4E5C694EA35D}.Release|iPhoneSimulator.Build.0 = Release|iPhoneSimulator
		{45870203-3736-42C2-909E-4E5C694EA35D}.Release|iPhoneSimulator.Deploy.0 = Release|iPhoneSimulator
		{45870203-3736-42C2-909E-4E5C694EA35D}.Release|x64.ActiveCfg = Release|iPhoneSimulator
		{45870203-3736-42C2-909E-4E5C694EA35D}.Release|x64.Build.0 = Release|iPhoneSimulator
		{45870203-3736-42C2-909E-4E5C694EA35D}.Release|x64.Deploy.0 = Release|iPhoneSimulator
		{45870203-3736-42C2-909E-4E5C694EA35D}.Release|x86.ActiveCfg = Release|iPhoneSimulator
		{45870203-3736-42C2-909E-4E5C694EA35D}.Release|x86.Build.0 = Release|iPhoneSimulator
		{45870203-3736-42C2-909E-4E5C694EA35D}.Release|x86.Deploy.0 = Release|iPhoneSimulator
		{AF87E392-9141-4FB3-8D08-088B65FA5B2D}.Debug|Any CPU.ActiveCfg = Debug|Any CPU
		{AF87E392-9141-4FB3-8D08-088B65FA5B2D}.Debug|Any CPU.Build.0 = Debug|Any CPU
		{AF87E392-9141-4FB3-8D08-088B65FA5B2D}.Debug|Any CPU.Deploy.0 = Debug|Any CPU
		{AF87E392-9141-4FB3-8D08-088B65FA5B2D}.Debug|ARM.ActiveCfg = Debug|Any CPU
		{AF87E392-9141-4FB3-8D08-088B65FA5B2D}.Debug|ARM.Build.0 = Debug|Any CPU
		{AF87E392-9141-4FB3-8D08-088B65FA5B2D}.Debug|ARM.Deploy.0 = Debug|Any CPU
		{AF87E392-9141-4FB3-8D08-088B65FA5B2D}.Debug|iPhone.ActiveCfg = Debug|Any CPU
		{AF87E392-9141-4FB3-8D08-088B65FA5B2D}.Debug|iPhone.Build.0 = Debug|Any CPU
		{AF87E392-9141-4FB3-8D08-088B65FA5B2D}.Debug|iPhone.Deploy.0 = Debug|Any CPU
		{AF87E392-9141-4FB3-8D08-088B65FA5B2D}.Debug|iPhoneSimulator.ActiveCfg = Debug|Any CPU
		{AF87E392-9141-4FB3-8D08-088B65FA5B2D}.Debug|iPhoneSimulator.Build.0 = Debug|Any CPU
		{AF87E392-9141-4FB3-8D08-088B65FA5B2D}.Debug|iPhoneSimulator.Deploy.0 = Debug|Any CPU
		{AF87E392-9141-4FB3-8D08-088B65FA5B2D}.Debug|x64.ActiveCfg = Debug|Any CPU
		{AF87E392-9141-4FB3-8D08-088B65FA5B2D}.Debug|x64.Build.0 = Debug|Any CPU
		{AF87E392-9141-4FB3-8D08-088B65FA5B2D}.Debug|x64.Deploy.0 = Debug|Any CPU
		{AF87E392-9141-4FB3-8D08-088B65FA5B2D}.Debug|x86.ActiveCfg = Debug|Any CPU
		{AF87E392-9141-4FB3-8D08-088B65FA5B2D}.Debug|x86.Build.0 = Debug|Any CPU
		{AF87E392-9141-4FB3-8D08-088B65FA5B2D}.Debug|x86.Deploy.0 = Debug|Any CPU
		{AF87E392-9141-4FB3-8D08-088B65FA5B2D}.Release|Any CPU.ActiveCfg = Release|Any CPU
		{AF87E392-9141-4FB3-8D08-088B65FA5B2D}.Release|Any CPU.Build.0 = Release|Any CPU
		{AF87E392-9141-4FB3-8D08-088B65FA5B2D}.Release|Any CPU.Deploy.0 = Release|Any CPU
		{AF87E392-9141-4FB3-8D08-088B65FA5B2D}.Release|ARM.ActiveCfg = Release|Any CPU
		{AF87E392-9141-4FB3-8D08-088B65FA5B2D}.Release|ARM.Build.0 = Release|Any CPU
		{AF87E392-9141-4FB3-8D08-088B65FA5B2D}.Release|ARM.Deploy.0 = Release|Any CPU
		{AF87E392-9141-4FB3-8D08-088B65FA5B2D}.Release|iPhone.ActiveCfg = Release|Any CPU
		{AF87E392-9141-4FB3-8D08-088B65FA5B2D}.Release|iPhone.Build.0 = Release|Any CPU
		{AF87E392-9141-4FB3-8D08-088B65FA5B2D}.Release|iPhone.Deploy.0 = Release|Any CPU
		{AF87E392-9141-4FB3-8D08-088B65FA5B2D}.Release|iPhoneSimulator.ActiveCfg = Release|Any CPU
		{AF87E392-9141-4FB3-8D08-088B65FA5B2D}.Release|iPhoneSimulator.Build.0 = Release|Any CPU
		{AF87E392-9141-4FB3-8D08-088B65FA5B2D}.Release|iPhoneSimulator.Deploy.0 = Release|Any CPU
		{AF87E392-9141-4FB3-8D08-088B65FA5B2D}.Release|x64.ActiveCfg = Release|Any CPU
		{AF87E392-9141-4FB3-8D08-088B65FA5B2D}.Release|x64.Build.0 = Release|Any CPU
		{AF87E392-9141-4FB3-8D08-088B65FA5B2D}.Release|x64.Deploy.0 = Release|Any CPU
		{AF87E392-9141-4FB3-8D08-088B65FA5B2D}.Release|x86.ActiveCfg = Release|Any CPU
		{AF87E392-9141-4FB3-8D08-088B65FA5B2D}.Release|x86.Build.0 = Release|Any CPU
		{AF87E392-9141-4FB3-8D08-088B65FA5B2D}.Release|x86.Deploy.0 = Release|Any CPU
	EndGlobalSection
	GlobalSection(SolutionProperties) = preSolution
		HideSolutionNode = FALSE
	EndGlobalSection
	GlobalSection(ExtensibilityGlobals) = postSolution
		SolutionGuid = {58D48C47-3643-4E8E-8164-E9E3CF53273D}
	EndGlobalSection
EndGlobal
